
Microsoft Visual Studio Solution File, Format Version 12.00
# Visual Studio Version 17
VisualStudioVersion = 17.1.32414.318
MinimumVisualStudioVersion = 10.0.40219.1
Project("{FAE04EC0-301F-11D3-BF4B-00C04F79EFBC}") = "ProjetoElevador", "ProjetoElevador\ProjetoElevador.csproj", "{84BCB600-3522-4EC2-9219-F3EC43C1EB7D}"
EndProject
Global
	GlobalSection(SolutionConfigurationPlatforms) = preSolution
		Debug|Any CPU = Debug|Any CPU
		Release|Any CPU = Release|Any CPU
	EndGlobalSection
	GlobalSection(ProjectConfigurationPlatforms) = postSolution
		{84BCB600-3522-4EC2-9219-F3EC43C1EB7D}.Debug|Any CPU.ActiveCfg = Debug|Any CPU
		{84BCB600-3522-4EC2-9219-F3EC43C1EB7D}.Debug|Any CPU.Build.0 = Debug|Any CPU
		{84BCB600-3522-4EC2-9219-F3EC43C1EB7D}.Release|Any CPU.ActiveCfg = Release|Any CPU
		{84BCB600-3522-4EC2-9219-F3EC43C1EB7D}.Release|Any CPU.Build.0 = Release|Any CPU
	EndGlobalSection
	GlobalSection(SolutionProperties) = preSolution
		HideSolutionNode = FALSE
	EndGlobalSection
	GlobalSection(ExtensibilityGlobals) = postSolution
		SolutionGuid = {FD1E3C40-B72E-4F40-A955-EBF39883D02C}
	EndGlobalSection
EndGlobal
